
Microsoft Visual Studio Solution File, Format Version 12.00
# Visual Studio Version 16
VisualStudioVersion = 16.0.30406.217
MinimumVisualStudioVersion = 10.0.40219.1
Project("{FAE04EC0-301F-11D3-BF4B-00C04F79EFBC}") = "Save Data", "Save Data\Save Data.csproj", "{C03F533B-5510-412C-A1BC-2DC76F4D4E5C}"
EndProject
Global
	GlobalSection(SolutionConfigurationPlatforms) = preSolution
		Debug|Any CPU = Debug|Any CPU
		Release|Any CPU = Release|Any CPU
	EndGlobalSection
	GlobalSection(ProjectConfigurationPlatforms) = postSolution
		{C03F533B-5510-412C-A1BC-2DC76F4D4E5C}.Debug|Any CPU.ActiveCfg = Debug|Any CPU
		{C03F533B-5510-412C-A1BC-2DC76F4D4E5C}.Debug|Any CPU.Build.0 = Debug|Any CPU
		{C03F533B-5510-412C-A1BC-2DC76F4D4E5C}.Release|Any CPU.ActiveCfg = Release|Any CPU
		{C03F533B-5510-412C-A1BC-2DC76F4D4E5C}.Release|Any CPU.Build.0 = Release|Any CPU
	EndGlobalSection
	GlobalSection(SolutionProperties) = preSolution
		HideSolutionNode = FALSE
	EndGlobalSection
	GlobalSection(ExtensibilityGlobals) = postSolution
		SolutionGuid = {9D3E699B-3357-4D9D-BFCB-CECABE56531D}
	EndGlobalSection
EndGlobal
